// !$*UTF8*$!
{
	archiveVersion = 1;
	classes = {
	};
	objectVersion = 46;
	objects = {

/* Begin PBXBuildFile section */
		9428A6BC1D65A56C00C5AABC /* MovieCollection.plist in Resources */ = {isa = PBXBuildFile; fileRef = 9428A6BB1D65A56C00C5AABC /* MovieCollection.plist */; };
		946858921D65858C00BB1DD9 /* AppDelegate.swift in Sources */ = {isa = PBXBuildFile; fileRef = 946858911D65858C00BB1DD9 /* AppDelegate.swift */; };
		946858941D65858C00BB1DD9 /* ViewController.swift in Sources */ = {isa = PBXBuildFile; fileRef = 946858931D65858C00BB1DD9 /* ViewController.swift */; };
		946858971D65858C00BB1DD9 /* Main.storyboard in Resources */ = {isa = PBXBuildFile; fileRef = 946858951D65858C00BB1DD9 /* Main.storyboard */; };
		946858991D65858C00BB1DD9 /* Assets.xcassets in Resources */ = {isa = PBXBuildFile; fileRef = 946858981D65858C00BB1DD9 /* Assets.xcassets */; };
		9468589C1D65858C00BB1DD9 /* LaunchScreen.storyboard in Resources */ = {isa = PBXBuildFile; fileRef = 9468589A1D65858C00BB1DD9 /* LaunchScreen.storyboard */; };
		946858A71D65858D00BB1DD9 /* MovieTimeLineGameTests.swift in Sources */ = {isa = PBXBuildFile; fileRef = 946858A61D65858D00BB1DD9 /* MovieTimeLineGameTests.swift */; };
		946858B21D65858D00BB1DD9 /* MovieTimeLineGameUITests.swift in Sources */ = {isa = PBXBuildFile; fileRef = 946858B11D65858D00BB1DD9 /* MovieTimeLineGameUITests.swift */; };
		946858C01D6585B500BB1DD9 /* MovieCollection.swift in Sources */ = {isa = PBXBuildFile; fileRef = 946858BF1D6585B500BB1DD9 /* MovieCollection.swift */; };
/* End PBXBuildFile section */

/* Begin PBXContainerItemProxy section */
		946858A31D65858D00BB1DD9 /* PBXContainerItemProxy */ = {
			isa = PBXContainerItemProxy;
			containerPortal = 946858861D65858C00BB1DD9 /* Project object */;
			proxyType = 1;
			remoteGlobalIDString = 9468588D1D65858C00BB1DD9;
			remoteInfo = MovieTimeLineGame;
		};
		946858AE1D65858D00BB1DD9 /* PBXContainerItemProxy */ = {
			isa = PBXContainerItemProxy;
			containerPortal = 946858861D65858C00BB1DD9 /* Project object */;
			proxyType = 1;
			remoteGlobalIDString = 9468588D1D65858C00BB1DD9;
			remoteInfo = MovieTimeLineGame;
		};
/* End PBXContainerItemProxy section */

/* Begin PBXFileReference section */
		9428A6BB1D65A56C00C5AABC /* MovieCollection.plist */ = {isa = PBXFileReference; fileEncoding = 4; lastKnownFileType = text.plist.xml; path = MovieCollection.plist; sourceTree = "<group>"; };
		9468588E1D65858C00BB1DD9 /* MovieTimeLineGame.app */ = {isa = PBXFileReference; explicitFileType = wrapper.application; includeInIndex = 0; path = MovieTimeLineGame.app; sourceTree = BUILT_PRODUCTS_DIR; };
		946858911D65858C00BB1DD9 /* AppDelegate.swift */ = {isa = PBXFileReference; lastKnownFileType = sourcecode.swift; path = AppDelegate.swift; sourceTree = "<group>"; };
		946858931D65858C00BB1DD9 /* ViewController.swift */ = {isa = PBXFileReference; lastKnownFileType = sourcecode.swift; path = ViewController.swift; sourceTree = "<group>"; };
		946858961D65858C00BB1DD9 /* Base */ = {isa = PBXFileReference; lastKnownFileType = file.storyboard; name = Base; path = Base.lproj/Main.storyboard; sourceTree = "<group>"; };
		946858981D65858C00BB1DD9 /* Assets.xcassets */ = {isa = PBXFileReference; lastKnownFileType = folder.assetcatalog; path = Assets.xcassets; sourceTree = "<group>"; };
		9468589B1D65858C00BB1DD9 /* Base */ = {isa = PBXFileReference; lastKnownFileType = file.storyboard; name = Base; path = Base.lproj/LaunchScreen.storyboard; sourceTree = "<group>"; };
		9468589D1D65858C00BB1DD9 /* Info.plist */ = {isa = PBXFileReference; lastKnownFileType = text.plist.xml; path = Info.plist; sourceTree = "<group>"; };
		946858A21D65858D00BB1DD9 /* MovieTimeLineGameTests.xctest */ = {isa = PBXFileReference; explicitFileType = wrapper.cfbundle; includeInIndex = 0; path = MovieTimeLineGameTests.xctest; sourceTree = BUILT_PRODUCTS_DIR; };
		946858A61D65858D00BB1DD9 /* MovieTimeLineGameTests.swift */ = {isa = PBXFileReference; lastKnownFileType = sourcecode.swift; path = MovieTimeLineGameTests.swift; sourceTree = "<group>"; };
		946858A81D65858D00BB1DD9 /* Info.plist */ = {isa = PBXFileReference; lastKnownFileType = text.plist.xml; path = Info.plist; sourceTree = "<group>"; };
		946858AD1D65858D00BB1DD9 /* MovieTimeLineGameUITests.xctest */ = {isa = PBXFileReference; explicitFileType = wrapper.cfbundle; includeInIndex = 0; path = MovieTimeLineGameUITests.xctest; sourceTree = BUILT_PRODUCTS_DIR; };
		946858B11D65858D00BB1DD9 /* MovieTimeLineGameUITests.swift */ = {isa = PBXFileReference; lastKnownFileType = sourcecode.swift; path = MovieTimeLineGameUITests.swift; sourceTree = "<group>"; };
		946858B31D65858D00BB1DD9 /* Info.plist */ = {isa = PBXFileReference; lastKnownFileType = text.plist.xml; path = Info.plist; sourceTree = "<group>"; };
		946858BF1D6585B500BB1DD9 /* MovieCollection.swift */ = {isa = PBXFileReference; fileEncoding = 4; lastKnownFileType = sourcecode.swift; path = MovieCollection.swift; sourceTree = "<group>"; };
/* End PBXFileReference section */

/* Begin PBXFrameworksBuildPhase section */
		9468588B1D65858C00BB1DD9 /* Frameworks */ = {
			isa = PBXFrameworksBuildPhase;
			buildActionMask = 2147483647;
			files = (
			);
			runOnlyForDeploymentPostprocessing = 0;
		};
		9468589F1D65858D00BB1DD9 /* Frameworks */ = {
			isa = PBXFrameworksBuildPhase;
			buildActionMask = 2147483647;
			files = (
			);
			runOnlyForDeploymentPostprocessing = 0;
		};
		946858AA1D65858D00BB1DD9 /* Frameworks */ = {
			isa = PBXFrameworksBuildPhase;
			buildActionMask = 2147483647;
			files = (
			);
			runOnlyForDeploymentPostprocessing = 0;
		};
/* End PBXFrameworksBuildPhase section */

/* Begin PBXGroup section */
		946858851D65858C00BB1DD9 = {
			isa = PBXGroup;
			children = (
				946858901D65858C00BB1DD9 /* MovieTimeLineGame */,
				946858A51D65858D00BB1DD9 /* MovieTimeLineGameTests */,
				946858B01D65858D00BB1DD9 /* MovieTimeLineGameUITests */,
				9468588F1D65858C00BB1DD9 /* Products */,
			);
			sourceTree = "<group>";
		};
		9468588F1D65858C00BB1DD9 /* Products */ = {
			isa = PBXGroup;
			children = (
				9468588E1D65858C00BB1DD9 /* MovieTimeLineGame.app */,
				946858A21D65858D00BB1DD9 /* MovieTimeLineGameTests.xctest */,
				946858AD1D65858D00BB1DD9 /* MovieTimeLineGameUITests.xctest */,
			);
			name = Products;
			sourceTree = "<group>";
		};
		946858901D65858C00BB1DD9 /* MovieTimeLineGame */ = {
			isa = PBXGroup;
			children = (
				946858911D65858C00BB1DD9 /* AppDelegate.swift */,
				946858931D65858C00BB1DD9 /* ViewController.swift */,
				946858BF1D6585B500BB1DD9 /* MovieCollection.swift */,
				9428A6BB1D65A56C00C5AABC /* MovieCollection.plist */,
				946858951D65858C00BB1DD9 /* Main.storyboard */,
				946858981D65858C00BB1DD9 /* Assets.xcassets */,
				9468589A1D65858C00BB1DD9 /* LaunchScreen.storyboard */,
				9468589D1D65858C00BB1DD9 /* Info.plist */,
			);
			path = MovieTimeLineGame;
			sourceTree = "<group>";
		};
		946858A51D65858D00BB1DD9 /* MovieTimeLineGameTests */ = {
			isa = PBXGroup;
			children = (
				946858A61D65858D00BB1DD9 /* MovieTimeLineGameTests.swift */,
				946858A81D65858D00BB1DD9 /* Info.plist */,
			);
			path = MovieTimeLineGameTests;
			sourceTree = "<group>";
		};
		946858B01D65858D00BB1DD9 /* MovieTimeLineGameUITests */ = {
			isa = PBXGroup;
			children = (
				946858B11D65858D00BB1DD9 /* MovieTimeLineGameUITests.swift */,
				946858B31D65858D00BB1DD9 /* Info.plist */,
			);
			path = MovieTimeLineGameUITests;
			sourceTree = "<group>";
		};
/* End PBXGroup section */

/* Begin PBXNativeTarget section */
		9468588D1D65858C00BB1DD9 /* MovieTimeLineGame */ = {
			isa = PBXNativeTarget;
			buildConfigurationList = 946858B61D65858D00BB1DD9 /* Build configuration list for PBXNativeTarget "MovieTimeLineGame" */;
			buildPhases = (
				9468588A1D65858C00BB1DD9 /* Sources */,
				9468588B1D65858C00BB1DD9 /* Frameworks */,
				9468588C1D65858C00BB1DD9 /* Resources */,
			);
			buildRules = (
			);
			dependencies = (
			);
			name = MovieTimeLineGame;
			productName = MovieTimeLineGame;
			productReference = 9468588E1D65858C00BB1DD9 /* MovieTimeLineGame.app */;
			productType = "com.apple.product-type.application";
		};
		946858A11D65858D00BB1DD9 /* MovieTimeLineGameTests */ = {
			isa = PBXNativeTarget;
			buildConfigurationList = 946858B91D65858D00BB1DD9 /* Build configuration list for PBXNativeTarget "MovieTimeLineGameTests" */;
			buildPhases = (
				9468589E1D65858D00BB1DD9 /* Sources */,
				9468589F1D65858D00BB1DD9 /* Frameworks */,
				946858A01D65858D00BB1DD9 /* Resources */,
			);
			buildRules = (
			);
			dependencies = (
				946858A41D65858D00BB1DD9 /* PBXTargetDependency */,
			);
			name = MovieTimeLineGameTests;
			productName = MovieTimeLineGameTests;
			productReference = 946858A21D65858D00BB1DD9 /* MovieTimeLineGameTests.xctest */;
			productType = "com.apple.product-type.bundle.unit-test";
		};
		946858AC1D65858D00BB1DD9 /* MovieTimeLineGameUITests */ = {
			isa = PBXNativeTarget;
			buildConfigurationList = 946858BC1D65858D00BB1DD9 /* Build configuration list for PBXNativeTarget "MovieTimeLineGameUITests" */;
			buildPhases = (
				946858A91D65858D00BB1DD9 /* Sources */,
				946858AA1D65858D00BB1DD9 /* Frameworks */,
				946858AB1D65858D00BB1DD9 /* Resources */,
			);
			buildRules = (
			);
			dependencies = (
				946858AF1D65858D00BB1DD9 /* PBXTargetDependency */,
			);
			name = MovieTimeLineGameUITests;
			productName = MovieTimeLineGameUITests;
			productReference = 946858AD1D65858D00BB1DD9 /* MovieTimeLineGameUITests.xctest */;
			productType = "com.apple.product-type.bundle.ui-testing";
		};
/* End PBXNativeTarget section */

/* Begin PBXProject section */
		946858861D65858C00BB1DD9 /* Project object */ = {
			isa = PBXProject;
			attributes = {
				LastSwiftUpdateCheck = 0730;
				LastUpgradeCheck = 0730;
				ORGANIZATIONNAME = "R. Johnson Consulting, LLC";
				TargetAttributes = {
					9468588D1D65858C00BB1DD9 = {
						CreatedOnToolsVersion = 7.3.1;
					};
					946858A11D65858D00BB1DD9 = {
						CreatedOnToolsVersion = 7.3.1;
						TestTargetID = 9468588D1D65858C00BB1DD9;
					};
					946858AC1D65858D00BB1DD9 = {
						CreatedOnToolsVersion = 7.3.1;
						TestTargetID = 9468588D1D65858C00BB1DD9;
					};
				};
			};
			buildConfigurationList = 946858891D65858C00BB1DD9 /* Build configuration list for PBXProject "MovieTimeLineGame" */;
			compatibilityVersion = "Xcode 3.2";
			developmentRegion = English;
			hasScannedForEncodings = 0;
			knownRegions = (
				en,
				Base,
			);
			mainGroup = 946858851D65858C00BB1DD9;
			productRefGroup = 9468588F1D65858C00BB1DD9 /* Products */;
			projectDirPath = "";
			projectRoot = "";
			targets = (
				9468588D1D65858C00BB1DD9 /* MovieTimeLineGame */,
				946858A11D65858D00BB1DD9 /* MovieTimeLineGameTests */,
				946858AC1D65858D00BB1DD9 /* MovieTimeLineGameUITests */,
			);
		};
/* End PBXProject section */

/* Begin PBXResourcesBuildPhase section */
		9468588C1D65858C00BB1DD9 /* Resources */ = {
			isa = PBXResourcesBuildPhase;
			buildActionMask = 2147483647;
			files = (
				9468589C1D65858C00BB1DD9 /* LaunchScreen.storyboard in Resources */,
				946858991D65858C00BB1DD9 /* Assets.xcassets in Resources */,
				946858971D65858C00BB1DD9 /* Main.storyboard in Resources */,
				9428A6BC1D65A56C00C5AABC /* MovieCollection.plist in Resources */,
			);
			runOnlyForDeploymentPostprocessing = 0;
		};
		946858A01D65858D00BB1DD9 /* Resources */ = {
			isa = PBXResourcesBuildPhase;
			buildActionMask = 2147483647;
			files = (
			);
			runOnlyForDeploymentPostprocessing = 0;
		};
		946858AB1D65858D00BB1DD9 /* Resources */ = {
			isa = PBXResourcesBuildPhase;
			buildActionMask = 2147483647;
			files = (
			);
			runOnlyForDeploymentPostprocessing = 0;
		};
/* End PBXResourcesBuildPhase section */

/* Begin PBXSourcesBuildPhase section */
		9468588A1D65858C00BB1DD9 /* Sources */ = {
			isa = PBXSourcesBuildPhase;
			buildActionMask = 2147483647;
			files = (
				946858941D65858C00BB1DD9 /* ViewController.swift in Sources */,
				946858921D65858C00BB1DD9 /* AppDelegate.swift in Sources */,
				946858C01D6585B500BB1DD9 /* MovieCollection.swift in Sources */,
			);
			runOnlyForDeploymentPostprocessing = 0;
		};
		9468589E1D65858D00BB1DD9 /* Sources */ = {
			isa = PBXSourcesBuildPhase;
			buildActionMask = 2147483647;
			files = (
				946858A71D65858D00BB1DD9 /* MovieTimeLineGameTests.swift in Sources */,
			);
			runOnlyForDeploymentPostprocessing = 0;
		};
		946858A91D65858D00BB1DD9 /* Sources */ = {
			isa = PBXSourcesBuildPhase;
			buildActionMask = 2147483647;
			files = (
				946858B21D65858D00BB1DD9 /* MovieTimeLineGameUITests.swift in Sources */,
			);
			runOnlyForDeploymentPostprocessing = 0;
		};
/* End PBXSourcesBuildPhase section */

/* Begin PBXTargetDependency section */
		946858A41D65858D00BB1DD9 /* PBXTargetDependency */ = {
			isa = PBXTargetDependency;
			target = 9468588D1D65858C00BB1DD9 /* MovieTimeLineGame */;
			targetProxy = 946858A31D65858D00BB1DD9 /* PBXContainerItemProxy */;
		};
		946858AF1D65858D00BB1DD9 /* PBXTargetDependency */ = {
			isa = PBXTargetDependency;
			target = 9468588D1D65858C00BB1DD9 /* MovieTimeLineGame */;
			targetProxy = 946858AE1D65858D00BB1DD9 /* PBXContainerItemProxy */;
		};
/* End PBXTargetDependency section */

/* Begin PBXVariantGroup section */
		946858951D65858C00BB1DD9 /* Main.storyboard */ = {
			isa = PBXVariantGroup;
			children = (
				946858961D65858C00BB1DD9 /* Base */,
			);
			name = Main.storyboard;
			sourceTree = "<group>";
		};
		9468589A1D65858C00BB1DD9 /* LaunchScreen.storyboard */ = {
			isa = PBXVariantGroup;
			children = (
				9468589B1D65858C00BB1DD9 /* Base */,
			);
			name = LaunchScreen.storyboard;
			sourceTree = "<group>";
		};
/* End PBXVariantGroup section */

/* Begin XCBuildConfiguration section */
		946858B41D65858D00BB1DD9 /* Debug */ = {
			isa = XCBuildConfiguration;
			buildSettings = {
				ALWAYS_SEARCH_USER_PATHS = NO;
				CLANG_ANALYZER_NONNULL = YES;
				CLANG_CXX_LANGUAGE_STANDARD = "gnu++0x";
				CLANG_CXX_LIBRARY = "libc++";
				CLANG_ENABLE_MODULES = YES;
				CLANG_ENABLE_OBJC_ARC = YES;
				CLANG_WARN_BOOL_CONVERSION = YES;
				CLANG_WARN_CONSTANT_CONVERSION = YES;
				CLANG_WARN_DIRECT_OBJC_ISA_USAGE = YES_ERROR;
				CLANG_WARN_EMPTY_BODY = YES;
				CLANG_WARN_ENUM_CONVERSION = YES;
				CLANG_WARN_INT_CONVERSION = YES;
				CLANG_WARN_OBJC_ROOT_CLASS = YES_ERROR;
				CLANG_WARN_UNREACHABLE_CODE = YES;
				CLANG_WARN__DUPLICATE_METHOD_MATCH = YES;
				"CODE_SIGN_IDENTITY[sdk=iphoneos*]" = "iPhone Developer";
				COPY_PHASE_STRIP = NO;
				DEBUG_INFORMATION_FORMAT = dwarf;
				ENABLE_STRICT_OBJC_MSGSEND = YES;
				ENABLE_TESTABILITY = YES;
				GCC_C_LANGUAGE_STANDARD = gnu99;
				GCC_DYNAMIC_NO_PIC = NO;
				GCC_NO_COMMON_BLOCKS = YES;
				GCC_OPTIMIZATION_LEVEL = 0;
				GCC_PREPROCESSOR_DEFINITIONS = (
					"DEBUG=1",
					"$(inherited)",
				);
				GCC_WARN_64_TO_32_BIT_CONVERSION = YES;
				GCC_WARN_ABOUT_RETURN_TYPE = YES_ERROR;
				GCC_WARN_UNDECLARED_SELECTOR = YES;
				GCC_WARN_UNINITIALIZED_AUTOS = YES_AGGRESSIVE;
				GCC_WARN_UNUSED_FUNCTION = YES;
				GCC_WARN_UNUSED_VARIABLE = YES;
				IPHONEOS_DEPLOYMENT_TARGET = 9.3;
				MTL_ENABLE_DEBUG_INFO = YES;
				ONLY_ACTIVE_ARCH = YES;
				SDKROOT = iphoneos;
				SWIFT_OPTIMIZATION_LEVEL = "-Onone";
				TARGETED_DEVICE_FAMILY = "1,2";
			};
			name = Debug;
		};
		946858B51D65858D00BB1DD9 /* Release */ = {
			isa = XCBuildConfiguration;
			buildSettings = {
				ALWAYS_SEARCH_USER_PATHS = NO;
				CLANG_ANALYZER_NONNULL = YES;
				CLANG_CXX_LANGUAGE_STANDARD = "gnu++0x";
				CLANG_CXX_LIBRARY = "libc++";
				CLANG_ENABLE_MODULES = YES;
				CLANG_ENABLE_OBJC_ARC = YES;
				CLANG_WARN_BOOL_CONVERSION = YES;
				CLANG_WARN_CONSTANT_CONVERSION = YES;
				CLANG_WARN_DIRECT_OBJC_ISA_USAGE = YES_ERROR;
				CLANG_WARN_EMPTY_BODY = YES;
				CLANG_WARN_ENUM_CONVERSION = YES;
				CLANG_WARN_INT_CONVERSION = YES;
				CLANG_WARN_OBJC_ROOT_CLASS = YES_ERROR;
				CLANG_WARN_UNREACHABLE_CODE = YES;
				CLANG_WARN__DUPLICATE_METHOD_MATCH = YES;
				"CODE_SIGN_IDENTITY[sdk=iphoneos*]" = "iPhone Developer";
				COPY_PHASE_STRIP = NO;
				DEBUG_INFORMATION_FORMAT = "dwarf-with-dsym";
				ENABLE_NS_ASSERTIONS = NO;
				ENABLE_STRICT_OBJC_MSGSEND = YES;
				GCC_C_LANGUAGE_STANDARD = gnu99;
				GCC_NO_COMMON_BLOCKS = YES;
				GCC_WARN_64_TO_32_BIT_CONVERSION = YES;
				GCC_WARN_ABOUT_RETURN_TYPE = YES_ERROR;
				GCC_WARN_UNDECLARED_SELECTOR = YES;
				GCC_WARN_UNINITIALIZED_AUTOS = YES_AGGRESSIVE;
				GCC_WARN_UNUSED_FUNCTION = YES;
				GCC_WARN_UNUSED_VARIABLE = YES;
				IPHONEOS_DEPLOYMENT_TARGET = 9.3;
				MTL_ENABLE_DEBUG_INFO = NO;
				SDKROOT = iphoneos;
				TARGETED_DEVICE_FAMILY = "1,2";
				VALIDATE_PRODUCT = YES;
			};
			name = Release;
		};
		946858B71D65858D00BB1DD9 /* Debug */ = {
			isa = XCBuildConfiguration;
			buildSettings = {
				ASSETCATALOG_COMPILER_APPICON_NAME = AppIcon;
				INFOPLIST_FILE = MovieTimeLineGame/Info.plist;
				LD_RUNPATH_SEARCH_PATHS = "$(inherited) @executable_path/Frameworks";
				PRODUCT_BUNDLE_IDENTIFIER = com.rjohnsonconsulting.MovieTimeLineGame;
				PRODUCT_NAME = "$(TARGET_NAME)";
				TARGETED_DEVICE_FAMILY = 1;
			};
			name = Debug;
		};
		946858B81D65858D00BB1DD9 /* Release */ = {
			isa = XCBuildConfiguration;
			buildSettings = {
				ASSETCATALOG_COMPILER_APPICON_NAME = AppIcon;
				INFOPLIST_FILE = MovieTimeLineGame/Info.plist;
				LD_RUNPATH_SEARCH_PATHS = "$(inherited) @executable_path/Frameworks";
				PRODUCT_BUNDLE_IDENTIFIER = com.rjohnsonconsulting.MovieTimeLineGame;
				PRODUCT_NAME = "$(TARGET_NAME)";
				TARGETED_DEVICE_FAMILY = 1;
			};
			name = Release;
		};
		946858BA1D65858D00BB1DD9 /* Debug */ = {
			isa = XCBuildConfiguration;
			buildSettings = {
				BUNDLE_LOADER = "$(TEST_HOST)";
				INFOPLIST_FILE = MovieTimeLineGameTests/Info.plist;
				LD_RUNPATH_SEARCH_PATHS = "$(inherited) @executable_path/Frameworks @loader_path/Frameworks";
				PRODUCT_BUNDLE_IDENTIFIER = com.rjohnsonconsulting.MovieTimeLineGameTests;
				PRODUCT_NAME = "$(TARGET_NAME)";
				TEST_HOST = "$(BUILT_PRODUCTS_DIR)/MovieTimeLineGame.app/MovieTimeLineGame";
			};
			name = Debug;
		};
		946858BB1D65858D00BB1DD9 /* Release */ = {
			isa = XCBuildConfiguration;
			buildSettings = {
				BUNDLE_LOADER = "$(TEST_HOST)";
				INFOPLIST_FILE = MovieTimeLineGameTests/Info.plist;
				LD_RUNPATH_SEARCH_PATHS = "$(inherited) @executable_path/Frameworks @loader_path/Frameworks";
				PRODUCT_BUNDLE_IDENTIFIER = com.rjohnsonconsulting.MovieTimeLineGameTests;
				PRODUCT_NAME = "$(TARGET_NAME)";
				TEST_HOST = "$(BUILT_PRODUCTS_DIR)/MovieTimeLineGame.app/MovieTimeLineGame";
			};
			name = Release;
		};
		946858BD1D65858D00BB1DD9 /* Debug */ = {
			isa = XCBuildConfiguration;
			buildSettings = {
				INFOPLIST_FILE = MovieTimeLineGameUITests/Info.plist;
				LD_RUNPATH_SEARCH_PATHS = "$(inherited) @executable_path/Frameworks @loader_path/Frameworks";
				PRODUCT_BUNDLE_IDENTIFIER = com.rjohnsonconsulting.MovieTimeLineGameUITests;
				PRODUCT_NAME = "$(TARGET_NAME)";
				TEST_TARGET_NAME = MovieTimeLineGame;
			};
			name = Debug;
		};
		946858BE1D65858D00BB1DD9 /* Release */ = {
			isa = XCBuildConfiguration;
			buildSettings = {
				INFOPLIST_FILE = MovieTimeLineGameUITests/Info.plist;
				LD_RUNPATH_SEARCH_PATHS = "$(inherited) @executable_path/Frameworks @loader_path/Frameworks";
				PRODUCT_BUNDLE_IDENTIFIER = com.rjohnsonconsulting.MovieTimeLineGameUITests;
				PRODUCT_NAME = "$(TARGET_NAME)";
				TEST_TARGET_NAME = MovieTimeLineGame;
			};
			name = Release;
		};
/* End XCBuildConfiguration section */

/* Begin XCConfigurationList section */
		946858891D65858C00BB1DD9 /* Build configuration list for PBXProject "MovieTimeLineGame" */ = {
			isa = XCConfigurationList;
			buildConfigurations = (
				946858B41D65858D00BB1DD9 /* Debug */,
				946858B51D65858D00BB1DD9 /* Release */,
			);
			defaultConfigurationIsVisible = 0;
			defaultConfigurationName = Release;
		};
		946858B61D65858D00BB1DD9 /* Build configuration list for PBXNativeTarget "MovieTimeLineGame" */ = {
			isa = XCConfigurationList;
			buildConfigurations = (
				946858B71D65858D00BB1DD9 /* Debug */,
				946858B81D65858D00BB1DD9 /* Release */,
			);
			defaultConfigurationIsVisible = 0;
			defaultConfigurationName = Release;
		};
		946858B91D65858D00BB1DD9 /* Build configuration list for PBXNativeTarget "MovieTimeLineGameTests" */ = {
			isa = XCConfigurationList;
			buildConfigurations = (
				946858BA1D65858D00BB1DD9 /* Debug */,
				946858BB1D65858D00BB1DD9 /* Release */,
			);
			defaultConfigurationIsVisible = 0;
			defaultConfigurationName = Release;
		};
		946858BC1D65858D00BB1DD9 /* Build configuration list for PBXNativeTarget "MovieTimeLineGameUITests" */ = {
			isa = XCConfigurationList;
			buildConfigurations = (
				946858BD1D65858D00BB1DD9 /* Debug */,
				946858BE1D65858D00BB1DD9 /* Release */,
			);
			defaultConfigurationIsVisible = 0;
			defaultConfigurationName = Release;
		};
/* End XCConfigurationList section */
	};
	rootObject = 946858861D65858C00BB1DD9 /* Project object */;
}
